
Microsoft Visual Studio Solution File, Format Version 12.00
# Visual Studio Version 16
VisualStudioVersion = 16.0.31515.178
MinimumVisualStudioVersion = 10.0.40219.1
Project("{FAE04EC0-301F-11D3-BF4B-00C04F79EFBC}") = "TourismMallMS", "TourismMallMS\TourismMallMS.csproj", "{32F08F51-1865-4F6F-985A-E65A9B74DEE2}"
EndProject
Global
	GlobalSection(SolutionConfigurationPlatforms) = preSolution
		Debug|Any CPU = Debug|Any CPU
		Release|Any CPU = Release|Any CPU
	EndGlobalSection
	GlobalSection(ProjectConfigurationPlatforms) = postSolution
		{32F08F51-1865-4F6F-985A-E65A9B74DEE2}.Debug|Any CPU.ActiveCfg = Debug|Any CPU
		{32F08F51-1865-4F6F-985A-E65A9B74DEE2}.Debug|Any CPU.Build.0 = Debug|Any CPU
		{32F08F51-1865-4F6F-985A-E65A9B74DEE2}.Release|Any CPU.ActiveCfg = Release|Any CPU
		{32F08F51-1865-4F6F-985A-E65A9B74DEE2}.Release|Any CPU.Build.0 = Release|Any CPU
	EndGlobalSection
	GlobalSection(SolutionProperties) = preSolution
		HideSolutionNode = FALSE
	EndGlobalSection
	GlobalSection(ExtensibilityGlobals) = postSolution
		SolutionGuid = {4C07B82F-2B50-4E49-8F6B-48FACF320A0C}
	EndGlobalSection
EndGlobal
